
Microsoft Visual Studio Solution File, Format Version 12.00
# Visual Studio Version 17
VisualStudioVersion = 17.6.33712.159
MinimumVisualStudioVersion = 10.0.40219.1
Project("{FAE04EC0-301F-11D3-BF4B-00C04F79EFBC}") = "pzmWinFormPostgre", "pzmWinFormPostgre.csproj", "{7BC9D3D0-0F5F-423F-ADA5-7DDAF7DA83C5}"
EndProject
Global
	GlobalSection(SolutionConfigurationPlatforms) = preSolution
		Debug|Any CPU = Debug|Any CPU
		Release|Any CPU = Release|Any CPU
	EndGlobalSection
	GlobalSection(ProjectConfigurationPlatforms) = postSolution
		{7BC9D3D0-0F5F-423F-ADA5-7DDAF7DA83C5}.Debug|Any CPU.ActiveCfg = Debug|Any CPU
		{7BC9D3D0-0F5F-423F-ADA5-7DDAF7DA83C5}.Debug|Any CPU.Build.0 = Debug|Any CPU
		{7BC9D3D0-0F5F-423F-ADA5-7DDAF7DA83C5}.Release|Any CPU.ActiveCfg = Release|Any CPU
		{7BC9D3D0-0F5F-423F-ADA5-7DDAF7DA83C5}.Release|Any CPU.Build.0 = Release|Any CPU
	EndGlobalSection
	GlobalSection(SolutionProperties) = preSolution
		HideSolutionNode = FALSE
	EndGlobalSection
	GlobalSection(ExtensibilityGlobals) = postSolution
		SolutionGuid = {72204093-D440-4DAA-AFDC-E844AF5E6B3A}
	EndGlobalSection
EndGlobal
